// !$*UTF8*$!
{
	archiveVersion = 1;
	classes = {
	};
	objectVersion = 50;
	objects = {

/* Begin PBXBuildFile section */
		BF442FAD2759F6D8004A2BA5 /* loginApp.swift in Sources */ = {isa = PBXBuildFile; fileRef = BF442FAC2759F6D8004A2BA5 /* loginApp.swift */; };
		BF442FAF2759F6D8004A2BA5 /* ContentView.swift in Sources */ = {isa = PBXBuildFile; fileRef = BF442FAE2759F6D8004A2BA5 /* ContentView.swift */; };
		BF442FB12759F6DB004A2BA5 /* Assets.xcassets in Resources */ = {isa = PBXBuildFile; fileRef = BF442FB02759F6DB004A2BA5 /* Assets.xcassets */; };
		BF442FB42759F6DB004A2BA5 /* Preview Assets.xcassets in Resources */ = {isa = PBXBuildFile; fileRef = BF442FB32759F6DB004A2BA5 /* Preview Assets.xcassets */; };
		BF442FBF2759F6DB004A2BA5 /* loginTests.swift in Sources */ = {isa = PBXBuildFile; fileRef = BF442FBE2759F6DB004A2BA5 /* loginTests.swift */; };
		BF442FCA2759F6DC004A2BA5 /* loginUITests.swift in Sources */ = {isa = PBXBuildFile; fileRef = BF442FC92759F6DC004A2BA5 /* loginUITests.swift */; };
/* End PBXBuildFile section */

/* Begin PBXContainerItemProxy section */
		BF442FBB2759F6DB004A2BA5 /* PBXContainerItemProxy */ = {
			isa = PBXContainerItemProxy;
			containerPortal = BF442FA12759F6D8004A2BA5 /* Project object */;
			proxyType = 1;
			remoteGlobalIDString = BF442FA82759F6D8004A2BA5;
			remoteInfo = login;
		};
		BF442FC62759F6DC004A2BA5 /* PBXContainerItemProxy */ = {
			isa = PBXContainerItemProxy;
			containerPortal = BF442FA12759F6D8004A2BA5 /* Project object */;
			proxyType = 1;
			remoteGlobalIDString = BF442FA82759F6D8004A2BA5;
			remoteInfo = login;
		};
/* End PBXContainerItemProxy section */

/* Begin PBXFileReference section */
		BF442FA92759F6D8004A2BA5 /* login.app */ = {isa = PBXFileReference; explicitFileType = wrapper.application; includeInIndex = 0; path = login.app; sourceTree = BUILT_PRODUCTS_DIR; };
		BF442FAC2759F6D8004A2BA5 /* loginApp.swift */ = {isa = PBXFileReference; lastKnownFileType = sourcecode.swift; path = loginApp.swift; sourceTree = "<group>"; };
		BF442FAE2759F6D8004A2BA5 /* ContentView.swift */ = {isa = PBXFileReference; lastKnownFileType = sourcecode.swift; path = ContentView.swift; sourceTree = "<group>"; };
		BF442FB02759F6DB004A2BA5 /* Assets.xcassets */ = {isa = PBXFileReference; lastKnownFileType = folder.assetcatalog; path = Assets.xcassets; sourceTree = "<group>"; };
		BF442FB32759F6DB004A2BA5 /* Preview Assets.xcassets */ = {isa = PBXFileReference; lastKnownFileType = folder.assetcatalog; path = "Preview Assets.xcassets"; sourceTree = "<group>"; };
		BF442FB52759F6DB004A2BA5 /* Info.plist */ = {isa = PBXFileReference; lastKnownFileType = text.plist.xml; path = Info.plist; sourceTree = "<group>"; };
		BF442FBA2759F6DB004A2BA5 /* loginTests.xctest */ = {isa = PBXFileReference; explicitFileType = wrapper.cfbundle; includeInIndex = 0; path = loginTests.xctest; sourceTree = BUILT_PRODUCTS_DIR; };
		BF442FBE2759F6DB004A2BA5 /* loginTests.swift */ = {isa = PBXFileReference; lastKnownFileType = sourcecode.swift; path = loginTests.swift; sourceTree = "<group>"; };
		BF442FC02759F6DB004A2BA5 /* Info.plist */ = {isa = PBXFileReference; lastKnownFileType = text.plist.xml; path = Info.plist; sourceTree = "<group>"; };
		BF442FC52759F6DC004A2BA5 /* loginUITests.xctest */ = {isa = PBXFileReference; explicitFileType = wrapper.cfbundle; includeInIndex = 0; path = loginUITests.xctest; sourceTree = BUILT_PRODUCTS_DIR; };
		BF442FC92759F6DC004A2BA5 /* loginUITests.swift */ = {isa = PBXFileReference; lastKnownFileType = sourcecode.swift; path = loginUITests.swift; sourceTree = "<group>"; };
		BF442FCB2759F6DC004A2BA5 /* Info.plist */ = {isa = PBXFileReference; lastKnownFileType = text.plist.xml; path = Info.plist; sourceTree = "<group>"; };
/* End PBXFileReference section */

/* Begin PBXFrameworksBuildPhase section */
		BF442FA62759F6D8004A2BA5 /* Frameworks */ = {
			isa = PBXFrameworksBuildPhase;
			buildActionMask = 2147483647;
			files = (
			);
			runOnlyForDeploymentPostprocessing = 0;
		};
		BF442FB72759F6DB004A2BA5 /* Frameworks */ = {
			isa = PBXFrameworksBuildPhase;
			buildActionMask = 2147483647;
			files = (
			);
			runOnlyForDeploymentPostprocessing = 0;
		};
		BF442FC22759F6DC004A2BA5 /* Frameworks */ = {
			isa = PBXFrameworksBuildPhase;
			buildActionMask = 2147483647;
			files = (
			);
			runOnlyForDeploymentPostprocessing = 0;
		};
/* End PBXFrameworksBuildPhase section */

/* Begin PBXGroup section */
		BF442FA02759F6D8004A2BA5 = {
			isa = PBXGroup;
			children = (
				BF442FAB2759F6D8004A2BA5 /* login */,
				BF442FBD2759F6DB004A2BA5 /* loginTests */,
				BF442FC82759F6DC004A2BA5 /* loginUITests */,
				BF442FAA2759F6D8004A2BA5 /* Products */,
			);
			sourceTree = "<group>";
		};
		BF442FAA2759F6D8004A2BA5 /* Products */ = {
			isa = PBXGroup;
			children = (
				BF442FA92759F6D8004A2BA5 /* login.app */,
				BF442FBA2759F6DB004A2BA5 /* loginTests.xctest */,
				BF442FC52759F6DC004A2BA5 /* loginUITests.xctest */,
			);
			name = Products;
			sourceTree = "<group>";
		};
		BF442FAB2759F6D8004A2BA5 /* login */ = {
			isa = PBXGroup;
			children = (
				BF442FAC2759F6D8004A2BA5 /* loginApp.swift */,
				BF442FAE2759F6D8004A2BA5 /* ContentView.swift */,
				BF442FB02759F6DB004A2BA5 /* Assets.xcassets */,
				BF442FB52759F6DB004A2BA5 /* Info.plist */,
				BF442FB22759F6DB004A2BA5 /* Preview Content */,
			);
			path = login;
			sourceTree = "<group>";
		};
		BF442FB22759F6DB004A2BA5 /* Preview Content */ = {
			isa = PBXGroup;
			children = (
				BF442FB32759F6DB004A2BA5 /* Preview Assets.xcassets */,
			);
			path = "Preview Content";
			sourceTree = "<group>";
		};
		BF442FBD2759F6DB004A2BA5 /* loginTests */ = {
			isa = PBXGroup;
			children = (
				BF442FBE2759F6DB004A2BA5 /* loginTests.swift */,
				BF442FC02759F6DB004A2BA5 /* Info.plist */,
			);
			path = loginTests;
			sourceTree = "<group>";
		};
		BF442FC82759F6DC004A2BA5 /* loginUITests */ = {
			isa = PBXGroup;
			children = (
				BF442FC92759F6DC004A2BA5 /* loginUITests.swift */,
				BF442FCB2759F6DC004A2BA5 /* Info.plist */,
			);
			path = loginUITests;
			sourceTree = "<group>";
		};
/* End PBXGroup section */

/* Begin PBXNativeTarget section */
		BF442FA82759F6D8004A2BA5 /* login */ = {
			isa = PBXNativeTarget;
			buildConfigurationList = BF442FCE2759F6DC004A2BA5 /* Build configuration list for PBXNativeTarget "login" */;
			buildPhases = (
				BF442FA52759F6D8004A2BA5 /* Sources */,
				BF442FA62759F6D8004A2BA5 /* Frameworks */,
				BF442FA72759F6D8004A2BA5 /* Resources */,
			);
			buildRules = (
			);
			dependencies = (
			);
			name = login;
			productName = login;
			productReference = BF442FA92759F6D8004A2BA5 /* login.app */;
			productType = "com.apple.product-type.application";
		};
		BF442FB92759F6DB004A2BA5 /* loginTests */ = {
			isa = PBXNativeTarget;
			buildConfigurationList = BF442FD12759F6DC004A2BA5 /* Build configuration list for PBXNativeTarget "loginTests" */;
			buildPhases = (
				BF442FB62759F6DB004A2BA5 /* Sources */,
				BF442FB72759F6DB004A2BA5 /* Frameworks */,
				BF442FB82759F6DB004A2BA5 /* Resources */,
			);
			buildRules = (
			);
			dependencies = (
				BF442FBC2759F6DB004A2BA5 /* PBXTargetDependency */,
			);
			name = loginTests;
			productName = loginTests;
			productReference = BF442FBA2759F6DB004A2BA5 /* loginTests.xctest */;
			productType = "com.apple.product-type.bundle.unit-test";
		};
		BF442FC42759F6DC004A2BA5 /* loginUITests */ = {
			isa = PBXNativeTarget;
			buildConfigurationList = BF442FD42759F6DC004A2BA5 /* Build configuration list for PBXNativeTarget "loginUITests" */;
			buildPhases = (
				BF442FC12759F6DC004A2BA5 /* Sources */,
				BF442FC22759F6DC004A2BA5 /* Frameworks */,
				BF442FC32759F6DC004A2BA5 /* Resources */,
			);
			buildRules = (
			);
			dependencies = (
				BF442FC72759F6DC004A2BA5 /* PBXTargetDependency */,
			);
			name = loginUITests;
			productName = loginUITests;
			productReference = BF442FC52759F6DC004A2BA5 /* loginUITests.xctest */;
			productType = "com.apple.product-type.bundle.ui-testing";
		};
/* End PBXNativeTarget section */

/* Begin PBXProject section */
		BF442FA12759F6D8004A2BA5 /* Project object */ = {
			isa = PBXProject;
			attributes = {
				LastSwiftUpdateCheck = 1240;
				LastUpgradeCheck = 1240;
				TargetAttributes = {
					BF442FA82759F6D8004A2BA5 = {
						CreatedOnToolsVersion = 12.4;
					};
					BF442FB92759F6DB004A2BA5 = {
						CreatedOnToolsVersion = 12.4;
						TestTargetID = BF442FA82759F6D8004A2BA5;
					};
					BF442FC42759F6DC004A2BA5 = {
						CreatedOnToolsVersion = 12.4;
						TestTargetID = BF442FA82759F6D8004A2BA5;
					};
				};
			};
			buildConfigurationList = BF442FA42759F6D8004A2BA5 /* Build configuration list for PBXProject "login" */;
			compatibilityVersion = "Xcode 9.3";
			developmentRegion = en;
			hasScannedForEncodings = 0;
			knownRegions = (
				en,
				Base,
			);
			mainGroup = BF442FA02759F6D8004A2BA5;
			productRefGroup = BF442FAA2759F6D8004A2BA5 /* Products */;
			projectDirPath = "";
			projectRoot = "";
			targets = (
				BF442FA82759F6D8004A2BA5 /* login */,
				BF442FB92759F6DB004A2BA5 /* loginTests */,
				BF442FC42759F6DC004A2BA5 /* loginUITests */,
			);
		};
/* End PBXProject section */

/* Begin PBXResourcesBuildPhase section */
		BF442FA72759F6D8004A2BA5 /* Resources */ = {
			isa = PBXResourcesBuildPhase;
			buildActionMask = 2147483647;
			files = (
				BF442FB42759F6DB004A2BA5 /* Preview Assets.xcassets in Resources */,
				BF442FB12759F6DB004A2BA5 /* Assets.xcassets in Resources */,
			);
			runOnlyForDeploymentPostprocessing = 0;
		};
		BF442FB82759F6DB004A2BA5 /* Resources */ = {
			isa = PBXResourcesBuildPhase;
			buildActionMask = 2147483647;
			files = (
			);
			runOnlyForDeploymentPostprocessing = 0;
		};
		BF442FC32759F6DC004A2BA5 /* Resources */ = {
			isa = PBXResourcesBuildPhase;
			buildActionMask = 2147483647;
			files = (
			);
			runOnlyForDeploymentPostprocessing = 0;
		};
/* End PBXResourcesBuildPhase section */

/* Begin PBXSourcesBuildPhase section */
		BF442FA52759F6D8004A2BA5 /* Sources */ = {
			isa = PBXSourcesBuildPhase;
			buildActionMask = 2147483647;
			files = (
				BF442FAF2759F6D8004A2BA5 /* ContentView.swift in Sources */,
				BF442FAD2759F6D8004A2BA5 /* loginApp.swift in Sources */,
			);
			runOnlyForDeploymentPostprocessing = 0;
		};
		BF442FB62759F6DB004A2BA5 /* Sources */ = {
			isa = PBXSourcesBuildPhase;
			buildActionMask = 2147483647;
			files = (
				BF442FBF2759F6DB004A2BA5 /* loginTests.swift in Sources */,
			);
			runOnlyForDeploymentPostprocessing = 0;
		};
		BF442FC12759F6DC004A2BA5 /* Sources */ = {
			isa = PBXSourcesBuildPhase;
			buildActionMask = 2147483647;
			files = (
				BF442FCA2759F6DC004A2BA5 /* loginUITests.swift in Sources */,
			);
			runOnlyForDeploymentPostprocessing = 0;
		};
/* End PBXSourcesBuildPhase section */

/* Begin PBXTargetDependency section */
		BF442FBC2759F6DB004A2BA5 /* PBXTargetDependency */ = {
			isa = PBXTargetDependency;
			target = BF442FA82759F6D8004A2BA5 /* login */;
			targetProxy = BF442FBB2759F6DB004A2BA5 /* PBXContainerItemProxy */;
		};
		BF442FC72759F6DC004A2BA5 /* PBXTargetDependency */ = {
			isa = PBXTargetDependency;
			target = BF442FA82759F6D8004A2BA5 /* login */;
			targetProxy = BF442FC62759F6DC004A2BA5 /* PBXContainerItemProxy */;
		};
/* End PBXTargetDependency section */

/* Begin XCBuildConfiguration section */
		BF442FCC2759F6DC004A2BA5 /* Debug */ = {
			isa = XCBuildConfiguration;
			buildSettings = {
				ALWAYS_SEARCH_USER_PATHS = NO;
				CLANG_ANALYZER_NONNULL = YES;
				CLANG_ANALYZER_NUMBER_OBJECT_CONVERSION = YES_AGGRESSIVE;
				CLANG_CXX_LANGUAGE_STANDARD = "gnu++14";
				CLANG_CXX_LIBRARY = "libc++";
				CLANG_ENABLE_MODULES = YES;
				CLANG_ENABLE_OBJC_ARC = YES;
				CLANG_ENABLE_OBJC_WEAK = YES;
				CLANG_WARN_BLOCK_CAPTURE_AUTORELEASING = YES;
				CLANG_WARN_BOOL_CONVERSION = YES;
				CLANG_WARN_COMMA = YES;
				CLANG_WARN_CONSTANT_CONVERSION = YES;
				CLANG_WARN_DEPRECATED_OBJC_IMPLEMENTATIONS = YES;
				CLANG_WARN_DIRECT_OBJC_ISA_USAGE = YES_ERROR;
				CLANG_WARN_DOCUMENTATION_COMMENTS = YES;
				CLANG_WARN_EMPTY_BODY = YES;
				CLANG_WARN_ENUM_CONVERSION = YES;
				CLANG_WARN_INFINITE_RECURSION = YES;
				CLANG_WARN_INT_CONVERSION = YES;
				CLANG_WARN_NON_LITERAL_NULL_CONVERSION = YES;
				CLANG_WARN_OBJC_IMPLICIT_RETAIN_SELF = YES;
				CLANG_WARN_OBJC_LITERAL_CONVERSION = YES;
				CLANG_WARN_OBJC_ROOT_CLASS = YES_ERROR;
				CLANG_WARN_QUOTED_INCLUDE_IN_FRAMEWORK_HEADER = YES;
				CLANG_WARN_RANGE_LOOP_ANALYSIS = YES;
				CLANG_WARN_STRICT_PROTOTYPES = YES;
				CLANG_WARN_SUSPICIOUS_MOVE = YES;
				CLANG_WARN_UNGUARDED_AVAILABILITY = YES_AGGRESSIVE;
				CLANG_WARN_UNREACHABLE_CODE = YES;
				CLANG_WARN__DUPLICATE_METHOD_MATCH = YES;
				COPY_PHASE_STRIP = NO;
				DEBUG_INFORMATION_FORMAT = dwarf;
				ENABLE_STRICT_OBJC_MSGSEND = YES;
				ENABLE_TESTABILITY = YES;
				GCC_C_LANGUAGE_STANDARD = gnu11;
				GCC_DYNAMIC_NO_PIC = NO;
				GCC_NO_COMMON_BLOCKS = YES;
				GCC_OPTIMIZATION_LEVEL = 0;
				GCC_PREPROCESSOR_DEFINITIONS = (
					"DEBUG=1",
					"$(inherited)",
				);
				GCC_WARN_64_TO_32_BIT_CONVERSION = YES;
				GCC_WARN_ABOUT_RETURN_TYPE = YES_ERROR;
				GCC_WARN_UNDECLARED_SELECTOR = YES;
				GCC_WARN_UNINITIALIZED_AUTOS = YES_AGGRESSIVE;
				GCC_WARN_UNUSED_FUNCTION = YES;
				GCC_WARN_UNUSED_VARIABLE = YES;
				IPHONEOS_DEPLOYMENT_TARGET = 14.4;
				MTL_ENABLE_DEBUG_INFO = INCLUDE_SOURCE;
				MTL_FAST_MATH = YES;
				ONLY_ACTIVE_ARCH = YES;
				SDKROOT = iphoneos;
				SWIFT_ACTIVE_COMPILATION_CONDITIONS = DEBUG;
				SWIFT_OPTIMIZATION_LEVEL = "-Onone";
			};
			name = Debug;
		};
		BF442FCD2759F6DC004A2BA5 /* Release */ = {
			isa = XCBuildConfiguration;
			buildSettings = {
				ALWAYS_SEARCH_USER_PATHS = NO;
				CLANG_ANALYZER_NONNULL = YES;
				CLANG_ANALYZER_NUMBER_OBJECT_CONVERSION = YES_AGGRESSIVE;
				CLANG_CXX_LANGUAGE_STANDARD = "gnu++14";
				CLANG_CXX_LIBRARY = "libc++";
				CLANG_ENABLE_MODULES = YES;
				CLANG_ENABLE_OBJC_ARC = YES;
				CLANG_ENABLE_OBJC_WEAK = YES;
				CLANG_WARN_BLOCK_CAPTURE_AUTORELEASING = YES;
				CLANG_WARN_BOOL_CONVERSION = YES;
				CLANG_WARN_COMMA = YES;
				CLANG_WARN_CONSTANT_CONVERSION = YES;
				CLANG_WARN_DEPRECATED_OBJC_IMPLEMENTATIONS = YES;
				CLANG_WARN_DIRECT_OBJC_ISA_USAGE = YES_ERROR;
				CLANG_WARN_DOCUMENTATION_COMMENTS = YES;
				CLANG_WARN_EMPTY_BODY = YES;
				CLANG_WARN_ENUM_CONVERSION = YES;
				CLANG_WARN_INFINITE_RECURSION = YES;
				CLANG_WARN_INT_CONVERSION = YES;
				CLANG_WARN_NON_LITERAL_NULL_CONVERSION = YES;
				CLANG_WARN_OBJC_IMPLICIT_RETAIN_SELF = YES;
				CLANG_WARN_OBJC_LITERAL_CONVERSION = YES;
				CLANG_WARN_OBJC_ROOT_CLASS = YES_ERROR;
				CLANG_WARN_QUOTED_INCLUDE_IN_FRAMEWORK_HEADER = YES;
				CLANG_WARN_RANGE_LOOP_ANALYSIS = YES;
				CLANG_WARN_STRICT_PROTOTYPES = YES;
				CLANG_WARN_SUSPICIOUS_MOVE = YES;
				CLANG_WARN_UNGUARDED_AVAILABILITY = YES_AGGRESSIVE;
				CLANG_WARN_UNREACHABLE_CODE = YES;
				CLANG_WARN__DUPLICATE_METHOD_MATCH = YES;
				COPY_PHASE_STRIP = NO;
				DEBUG_INFORMATION_FORMAT = "dwarf-with-dsym";
				ENABLE_NS_ASSERTIONS = NO;
				ENABLE_STRICT_OBJC_MSGSEND = YES;
				GCC_C_LANGUAGE_STANDARD = gnu11;
				GCC_NO_COMMON_BLOCKS = YES;
				GCC_WARN_64_TO_32_BIT_CONVERSION = YES;
				GCC_WARN_ABOUT_RETURN_TYPE = YES_ERROR;
				GCC_WARN_UNDECLARED_SELECTOR = YES;
				GCC_WARN_UNINITIALIZED_AUTOS = YES_AGGRESSIVE;
				GCC_WARN_UNUSED_FUNCTION = YES;
				GCC_WARN_UNUSED_VARIABLE = YES;
				IPHONEOS_DEPLOYMENT_TARGET = 14.4;
				MTL_ENABLE_DEBUG_INFO = NO;
				MTL_FAST_MATH = YES;
				SDKROOT = iphoneos;
				SWIFT_COMPILATION_MODE = wholemodule;
				SWIFT_OPTIMIZATION_LEVEL = "-O";
				VALIDATE_PRODUCT = YES;
			};
			name = Release;
		};
		BF442FCF2759F6DC004A2BA5 /* Debug */ = {
			isa = XCBuildConfiguration;
			buildSettings = {
				ASSETCATALOG_COMPILER_APPICON_NAME = AppIcon;
				ASSETCATALOG_COMPILER_GLOBAL_ACCENT_COLOR_NAME = AccentColor;
				CODE_SIGN_STYLE = Automatic;
				DEVELOPMENT_ASSET_PATHS = "\"login/Preview Content\"";
				ENABLE_PREVIEWS = YES;
				INFOPLIST_FILE = login/Info.plist;
				IPHONEOS_DEPLOYMENT_TARGET = 14.0;
				LD_RUNPATH_SEARCH_PATHS = (
					"$(inherited)",
					"@executable_path/Frameworks",
				);
				PRODUCT_BUNDLE_IDENTIFIER = com.example.login;
				PRODUCT_NAME = "$(TARGET_NAME)";
				SWIFT_VERSION = 5.0;
				TARGETED_DEVICE_FAMILY = "1,2";
			};
			name = Debug;
		};
		BF442FD02759F6DC004A2BA5 /* Release */ = {
			isa = XCBuildConfiguration;
			buildSettings = {
				ASSETCATALOG_COMPILER_APPICON_NAME = AppIcon;
				ASSETCATALOG_COMPILER_GLOBAL_ACCENT_COLOR_NAME = AccentColor;
				CODE_SIGN_STYLE = Automatic;
				DEVELOPMENT_ASSET_PATHS = "\"login/Preview Content\"";
				ENABLE_PREVIEWS = YES;
				INFOPLIST_FILE = login/Info.plist;
				IPHONEOS_DEPLOYMENT_TARGET = 14.0;
				LD_RUNPATH_SEARCH_PATHS = (
					"$(inherited)",
					"@executable_path/Frameworks",
				);
				PRODUCT_BUNDLE_IDENTIFIER = com.example.login;
				PRODUCT_NAME = "$(TARGET_NAME)";
				SWIFT_VERSION = 5.0;
				TARGETED_DEVICE_FAMILY = "1,2";
			};
			name = Release;
		};
		BF442FD22759F6DC004A2BA5 /* Debug */ = {
			isa = XCBuildConfiguration;
			buildSettings = {
				ALWAYS_EMBED_SWIFT_STANDARD_LIBRARIES = YES;
				BUNDLE_LOADER = "$(TEST_HOST)";
				CODE_SIGN_STYLE = Automatic;
				INFOPLIST_FILE = loginTests/Info.plist;
				IPHONEOS_DEPLOYMENT_TARGET = 14.0;
				LD_RUNPATH_SEARCH_PATHS = (
					"$(inherited)",
					"@executable_path/Frameworks",
					"@loader_path/Frameworks",
				);
				PRODUCT_BUNDLE_IDENTIFIER = com.example.loginTests;
				PRODUCT_NAME = "$(TARGET_NAME)";
				SWIFT_VERSION = 5.0;
				TARGETED_DEVICE_FAMILY = "1,2";
				TEST_HOST = "$(BUILT_PRODUCTS_DIR)/login.app/login";
			};
			name = Debug;
		};
		BF442FD32759F6DC004A2BA5 /* Release */ = {
			isa = XCBuildConfiguration;
			buildSettings = {
				ALWAYS_EMBED_SWIFT_STANDARD_LIBRARIES = YES;
				BUNDLE_LOADER = "$(TEST_HOST)";
				CODE_SIGN_STYLE = Automatic;
				INFOPLIST_FILE = loginTests/Info.plist;
				IPHONEOS_DEPLOYMENT_TARGET = 14.0;
				LD_RUNPATH_SEARCH_PATHS = (
					"$(inherited)",
					"@executable_path/Frameworks",
					"@loader_path/Frameworks",
				);
				PRODUCT_BUNDLE_IDENTIFIER = com.example.loginTests;
				PRODUCT_NAME = "$(TARGET_NAME)";
				SWIFT_VERSION = 5.0;
				TARGETED_DEVICE_FAMILY = "1,2";
				TEST_HOST = "$(BUILT_PRODUCTS_DIR)/login.app/login";
			};
			name = Release;
		};
		BF442FD52759F6DC004A2BA5 /* Debug */ = {
			isa = XCBuildConfiguration;
			buildSettings = {
				ALWAYS_EMBED_SWIFT_STANDARD_LIBRARIES = YES;
				CODE_SIGN_STYLE = Automatic;
				INFOPLIST_FILE = loginUITests/Info.plist;
				LD_RUNPATH_SEARCH_PATHS = (
					"$(inherited)",
					"@executable_path/Frameworks",
					"@loader_path/Frameworks",
				);
				PRODUCT_BUNDLE_IDENTIFIER = com.example.loginUITests;
				PRODUCT_NAME = "$(TARGET_NAME)";
				SWIFT_VERSION = 5.0;
				TARGETED_DEVICE_FAMILY = "1,2";
				TEST_TARGET_NAME = login;
			};
			name = Debug;
		};
		BF442FD62759F6DC004A2BA5 /* Release */ = {
			isa = XCBuildConfiguration;
			buildSettings = {
				ALWAYS_EMBED_SWIFT_STANDARD_LIBRARIES = YES;
				CODE_SIGN_STYLE = Automatic;
				INFOPLIST_FILE = loginUITests/Info.plist;
				LD_RUNPATH_SEARCH_PATHS = (
					"$(inherited)",
					"@executable_path/Frameworks",
					"@loader_path/Frameworks",
				);
				PRODUCT_BUNDLE_IDENTIFIER = com.example.loginUITests;
				PRODUCT_NAME = "$(TARGET_NAME)";
				SWIFT_VERSION = 5.0;
				TARGETED_DEVICE_FAMILY = "1,2";
				TEST_TARGET_NAME = login;
			};
			name = Release;
		};
/* End XCBuildConfiguration section */

/* Begin XCConfigurationList section */
		BF442FA42759F6D8004A2BA5 /* Build configuration list for PBXProject "login" */ = {
			isa = XCConfigurationList;
			buildConfigurations = (
				BF442FCC2759F6DC004A2BA5 /* Debug */,
				BF442FCD2759F6DC004A2BA5 /* Release */,
			);
			defaultConfigurationIsVisible = 0;
			defaultConfigurationName = Release;
		};
		BF442FCE2759F6DC004A2BA5 /* Build configuration list for PBXNativeTarget "login" */ = {
			isa = XCConfigurationList;
			buildConfigurations = (
				BF442FCF2759F6DC004A2BA5 /* Debug */,
				BF442FD02759F6DC004A2BA5 /* Release */,
			);
			defaultConfigurationIsVisible = 0;
			defaultConfigurationName = Release;
		};
		BF442FD12759F6DC004A2BA5 /* Build configuration list for PBXNativeTarget "loginTests" */ = {
			isa = XCConfigurationList;
			buildConfigurations = (
				BF442FD22759F6DC004A2BA5 /* Debug */,
				BF442FD32759F6DC004A2BA5 /* Release */,
			);
			defaultConfigurationIsVisible = 0;
			defaultConfigurationName = Release;
		};
		BF442FD42759F6DC004A2BA5 /* Build configuration list for PBXNativeTarget "loginUITests" */ = {
			isa = XCConfigurationList;
			buildConfigurations = (
				BF442FD52759F6DC004A2BA5 /* Debug */,
				BF442FD62759F6DC004A2BA5 /* Release */,
			);
			defaultConfigurationIsVisible = 0;
			defaultConfigurationName = Release;
		};
/* End XCConfigurationList section */
	};
	rootObject = BF442FA12759F6D8004A2BA5 /* Project object */;
}
